Microsoft Visual Studio Solution File, Format Version 10.00
# Visual Studio 2008
Project("{F184B08F-C81C-45F6-A57F-5ABD9991F28F}") = "WindowsFormsApplication18", "WindowsFormsApplication18\WindowsFormsApplication18.vbproj", "{6A2F343E-B724-4690-B9F6-31DCB294C837}"
EndProject
Global
	GlobalSection(SolutionConfigurationPlatforms) = preSolution
		Debug|Any CPU = Debug|Any CPU
		Release|Any CPU = Release|Any CPU
	EndGlobalSection
	GlobalSection(ProjectConfigurationPlatforms) = postSolution
		{6A2F343E-B724-4690-B9F6-31DCB294C837}.Debug|Any CPU.ActiveCfg = Debug|Any CPU
		{6A2F343E-B724-4690-B9F6-31DCB294C837}.Debug|Any CPU.Build.0 = Debug|Any CPU
		{6A2F343E-B724-4690-B9F6-31DCB294C837}.Release|Any CPU.ActiveCfg = Release|Any CPU
		{6A2F343E-B724-4690-B9F6-31DCB294C837}.Release|Any CPU.Build.0 = Release|Any CPU
	EndGlobalSection
	GlobalSection(SolutionProperties) = preSolution
		HideSolutionNode = FALSE
	EndGlobalSection
EndGlobal
